
Microsoft Visual Studio Solution File, Format Version 12.00
# Visual Studio Version 17
VisualStudioVersion = 17.0.31903.59
MinimumVisualStudioVersion = 10.0.40219.1
Project("{FAE04EC0-301F-11D3-BF4B-00C04F79EFBC}") = "Zadanie5.1", "Zadanie5.1\Zadanie5.1.csproj", "{F720CED5-FB42-4FAA-BC10-3FB65E4D179A}"
EndProject
Project("{FAE04EC0-301F-11D3-BF4B-00C04F79EFBC}") = "Zadanie5.4", "Zadanie5.4\Zadanie5.4.csproj", "{79823F53-A34A-4F89-AFD8-BADC35A29881}"
EndProject
Global
	GlobalSection(SolutionConfigurationPlatforms) = preSolution
		Debug|Any CPU = Debug|Any CPU
		Release|Any CPU = Release|Any CPU
	EndGlobalSection
	GlobalSection(ProjectConfigurationPlatforms) = postSolution
		{F720CED5-FB42-4FAA-BC10-3FB65E4D179A}.Debug|Any CPU.ActiveCfg = Debug|Any CPU
		{F720CED5-FB42-4FAA-BC10-3FB65E4D179A}.Debug|Any CPU.Build.0 = Debug|Any CPU
		{F720CED5-FB42-4FAA-BC10-3FB65E4D179A}.Release|Any CPU.ActiveCfg = Release|Any CPU
		{F720CED5-FB42-4FAA-BC10-3FB65E4D179A}.Release|Any CPU.Build.0 = Release|Any CPU
		{79823F53-A34A-4F89-AFD8-BADC35A29881}.Debug|Any CPU.ActiveCfg = Debug|Any CPU
		{79823F53-A34A-4F89-AFD8-BADC35A29881}.Debug|Any CPU.Build.0 = Debug|Any CPU
		{79823F53-A34A-4F89-AFD8-BADC35A29881}.Release|Any CPU.ActiveCfg = Release|Any CPU
		{79823F53-A34A-4F89-AFD8-BADC35A29881}.Release|Any CPU.Build.0 = Release|Any CPU
	EndGlobalSection
	GlobalSection(SolutionProperties) = preSolution
		HideSolutionNode = FALSE
	EndGlobalSection
	GlobalSection(ExtensibilityGlobals) = postSolution
		SolutionGuid = {2C3EDF45-984B-497C-8D94-43622B48BE6B}
	EndGlobalSection
EndGlobal
